
Microsoft Visual Studio Solution File, Format Version 12.00
# Visual Studio Version 16
VisualStudioVersion = 16.0.30413.136
MinimumVisualStudioVersion = 10.0.40219.1
Project("{8BC9CEB8-8B4A-11D0-8D11-00A0C91BC942}") = "tiffProj", "tiffProj.vcxproj", "{693A45CF-B9E5-4E5F-A794-566D9B323B5F}"
EndProject
Global
	GlobalSection(SolutionConfigurationPlatforms) = preSolution
		Debug|x64 = Debug|x64
		Debug|x86 = Debug|x86
		Release|x64 = Release|x64
		Release|x86 = Release|x86
	EndGlobalSection
	GlobalSection(ProjectConfigurationPlatforms) = postSolution
		{693A45CF-B9E5-4E5F-A794-566D9B323B5F}.Debug|x64.ActiveCfg = Debug|x64
		{693A45CF-B9E5-4E5F-A794-566D9B323B5F}.Debug|x64.Build.0 = Debug|x64
		{693A45CF-B9E5-4E5F-A794-566D9B323B5F}.Debug|x86.ActiveCfg = Debug|Win32
		{693A45CF-B9E5-4E5F-A794-566D9B323B5F}.Debug|x86.Build.0 = Debug|Win32
		{693A45CF-B9E5-4E5F-A794-566D9B323B5F}.Release|x64.ActiveCfg = Release|x64
		{693A45CF-B9E5-4E5F-A794-566D9B323B5F}.Release|x64.Build.0 = Release|x64
		{693A45CF-B9E5-4E5F-A794-566D9B323B5F}.Release|x86.ActiveCfg = Release|Win32
		{693A45CF-B9E5-4E5F-A794-566D9B323B5F}.Release|x86.Build.0 = Release|Win32
	EndGlobalSection
	GlobalSection(SolutionProperties) = preSolution
		HideSolutionNode = FALSE
	EndGlobalSection
	GlobalSection(ExtensibilityGlobals) = postSolution
		SolutionGuid = {E7D9A7C2-35A8-4861-84B8-2F6DFC92B3E3}
	EndGlobalSection
EndGlobal
